
Microsoft Visual Studio Solution File, Format Version 12.00
# Visual Studio Version 17
VisualStudioVersion = 17.6.33829.357
MinimumVisualStudioVersion = 10.0.40219.1
Project("{FAE04EC0-301F-11D3-BF4B-00C04F79EFBC}") = "LanchoneteSprint2", "LanchoneteSprint2\LanchoneteSprint2.csproj", "{892CF2DC-E34D-4B38-A72F-913BBB814D73}"
EndProject
Global
	GlobalSection(SolutionConfigurationPlatforms) = preSolution
		Debug|Any CPU = Debug|Any CPU
		Release|Any CPU = Release|Any CPU
	EndGlobalSection
	GlobalSection(ProjectConfigurationPlatforms) = postSolution
		{892CF2DC-E34D-4B38-A72F-913BBB814D73}.Debug|Any CPU.ActiveCfg = Debug|Any CPU
		{892CF2DC-E34D-4B38-A72F-913BBB814D73}.Debug|Any CPU.Build.0 = Debug|Any CPU
		{892CF2DC-E34D-4B38-A72F-913BBB814D73}.Release|Any CPU.ActiveCfg = Release|Any CPU
		{892CF2DC-E34D-4B38-A72F-913BBB814D73}.Release|Any CPU.Build.0 = Release|Any CPU
	EndGlobalSection
	GlobalSection(SolutionProperties) = preSolution
		HideSolutionNode = FALSE
	EndGlobalSection
	GlobalSection(ExtensibilityGlobals) = postSolution
		SolutionGuid = {ECDA7892-2AF8-450F-86CE-9798A11B647C}
	EndGlobalSection
EndGlobal
